
Microsoft Visual Studio Solution File, Format Version 12.00
# Visual Studio Version 16
VisualStudioVersion = 16.0.30114.105
MinimumVisualStudioVersion = 10.0.40219.1
Project("{2150E333-8FDC-42A3-9474-1A3956D46DE8}") = "src", "src", "{1BEC8B76-729B-4799-80A2-5915B8E7F7A9}"
EndProject
Project("{FAE04EC0-301F-11D3-BF4B-00C04F79EFBC}") = "NumberGuessingGame", "src\NumberGuessingGame\NumberGuessingGame.csproj", "{4F912FED-66F7-4B08-A389-FD7A1687244B}"
EndProject
Global
	GlobalSection(SolutionConfigurationPlatforms) = preSolution
		Debug|Any CPU = Debug|Any CPU
		Release|Any CPU = Release|Any CPU
	EndGlobalSection
	GlobalSection(SolutionProperties) = preSolution
		HideSolutionNode = FALSE
	EndGlobalSection
	GlobalSection(ProjectConfigurationPlatforms) = postSolution
		{4F912FED-66F7-4B08-A389-FD7A1687244B}.Debug|Any CPU.ActiveCfg = Debug|Any CPU
		{4F912FED-66F7-4B08-A389-FD7A1687244B}.Debug|Any CPU.Build.0 = Debug|Any CPU
		{4F912FED-66F7-4B08-A389-FD7A1687244B}.Release|Any CPU.ActiveCfg = Release|Any CPU
		{4F912FED-66F7-4B08-A389-FD7A1687244B}.Release|Any CPU.Build.0 = Release|Any CPU
	EndGlobalSection
	GlobalSection(NestedProjects) = preSolution
		{4F912FED-66F7-4B08-A389-FD7A1687244B} = {1BEC8B76-729B-4799-80A2-5915B8E7F7A9}
	EndGlobalSection
EndGlobal
